# This file is automatically @generated by Cargo.
# It is not intended for manual editing.
version = 3

[[package]]
name = "html_template"
version = "0.0.1"
dependencies = [
 "html_template_core",
 "html_template_macros",
]

[[package]]
name = "html_template_core"
version = "0.0.1"

[[package]]
name = "html_template_macros"
version = "0.0.1"
dependencies = [
 "html_template_core",
]

[[package]]
name = "tests"
version = "0.1.0"
dependencies = [
 "html_template",
]
